
Microsoft Visual Studio Solution File, Format Version 12.00
# Visual Studio Version 16
VisualStudioVersion = 16.0.30804.86
MinimumVisualStudioVersion = 10.0.40219.1
Project("{FAE04EC0-301F-11D3-BF4B-00C04F79EFBC}") = "MineSweeper", "MineSweeper.csproj", "{1E203692-C8D9-428B-BC51-14AFEDD6264C}"
EndProject
Global
	GlobalSection(SolutionConfigurationPlatforms) = preSolution
		Debug|Any CPU = Debug|Any CPU
		Release|Any CPU = Release|Any CPU
	EndGlobalSection
	GlobalSection(ProjectConfigurationPlatforms) = postSolution
		{1E203692-C8D9-428B-BC51-14AFEDD6264C}.Debug|Any CPU.ActiveCfg = Debug|Any CPU
		{1E203692-C8D9-428B-BC51-14AFEDD6264C}.Debug|Any CPU.Build.0 = Debug|Any CPU
		{1E203692-C8D9-428B-BC51-14AFEDD6264C}.Release|Any CPU.ActiveCfg = Release|Any CPU
		{1E203692-C8D9-428B-BC51-14AFEDD6264C}.Release|Any CPU.Build.0 = Release|Any CPU
	EndGlobalSection
	GlobalSection(SolutionProperties) = preSolution
		HideSolutionNode = FALSE
	EndGlobalSection
	GlobalSection(ExtensibilityGlobals) = postSolution
		SolutionGuid = {4954C9B7-10E6-445A-9B53-FF2BB590FDA7}
	EndGlobalSection
EndGlobal
